// !$*UTF8*$!
{
	archiveVersion = 1;
	classes = {
	};
	objectVersion = 56;
	objects = {

/* Begin PBXBuildFile section */
		CEDE981E2983D75100B59B05 /* Bus_Stop_FinderApp.swift in Sources */ = {isa = PBXBuildFile; fileRef = CEDE981D2983D75100B59B05 /* Bus_Stop_FinderApp.swift */; };
		CEDE98202983D75100B59B05 /* ContentView.swift in Sources */ = {isa = PBXBuildFile; fileRef = CEDE981F2983D75100B59B05 /* ContentView.swift */; };
		CEDE98222983D75200B59B05 /* Assets.xcassets in Resources */ = {isa = PBXBuildFile; fileRef = CEDE98212983D75200B59B05 /* Assets.xcassets */; };
		CEDE98252983D75200B59B05 /* Preview Assets.xcassets in Resources */ = {isa = PBXBuildFile; fileRef = CEDE98242983D75200B59B05 /* Preview Assets.xcassets */; };
		CEDE982E2983D82C00B59B05 /* BusMapViewRepresentable.swift in Sources */ = {isa = PBXBuildFile; fileRef = CEDE982D2983D82C00B59B05 /* BusMapViewRepresentable.swift */; };
		CEDE98302983D86900B59B05 /* HomeView.swift in Sources */ = {isa = PBXBuildFile; fileRef = CEDE982F2983D86900B59B05 /* HomeView.swift */; };
		CEDE98322983D8BC00B59B05 /* MapActionButton.swift in Sources */ = {isa = PBXBuildFile; fileRef = CEDE98312983D8BC00B59B05 /* MapActionButton.swift */; };
		CEDE98352983D94F00B59B05 /* LocationManager.swift in Sources */ = {isa = PBXBuildFile; fileRef = CEDE98342983D94F00B59B05 /* LocationManager.swift */; };
		CEDE983A2983DA0A00B59B05 /* BusSearchResults.swift in Sources */ = {isa = PBXBuildFile; fileRef = CEDE98392983DA0A00B59B05 /* BusSearchResults.swift */; };
		CEDE983C2983DA3400B59B05 /* BusPopUp.swift in Sources */ = {isa = PBXBuildFile; fileRef = CEDE983B2983DA3400B59B05 /* BusPopUp.swift */; };
		CEDE983E2983DA4F00B59B05 /* LocationActivationView.swift in Sources */ = {isa = PBXBuildFile; fileRef = CEDE983D2983DA4F00B59B05 /* LocationActivationView.swift */; };
		CEDE98402983DA6E00B59B05 /* LocationSearchView.swift in Sources */ = {isa = PBXBuildFile; fileRef = CEDE983F2983DA6E00B59B05 /* LocationSearchView.swift */; };
		CEDE98422983DAAA00B59B05 /* ScheduleModel.swift in Sources */ = {isa = PBXBuildFile; fileRef = CEDE98412983DAAA00B59B05 /* ScheduleModel.swift */; };
		CEDE98442983DABF00B59B05 /* BusTimeModel.swift in Sources */ = {isa = PBXBuildFile; fileRef = CEDE98432983DABF00B59B05 /* BusTimeModel.swift */; };
		CEDE98462983DADF00B59B05 /* BusStopModel.swift in Sources */ = {isa = PBXBuildFile; fileRef = CEDE98452983DADF00B59B05 /* BusStopModel.swift */; };
/* End PBXBuildFile section */

/* Begin PBXFileReference section */
		CEDE981A2983D75100B59B05 /* Bus Stop Finder.app */ = {isa = PBXFileReference; explicitFileType = wrapper.application; includeInIndex = 0; path = "Bus Stop Finder.app"; sourceTree = BUILT_PRODUCTS_DIR; };
		CEDE981D2983D75100B59B05 /* Bus_Stop_FinderApp.swift */ = {isa = PBXFileReference; lastKnownFileType = sourcecode.swift; path = Bus_Stop_FinderApp.swift; sourceTree = "<group>"; };
		CEDE981F2983D75100B59B05 /* ContentView.swift */ = {isa = PBXFileReference; lastKnownFileType = sourcecode.swift; path = ContentView.swift; sourceTree = "<group>"; };
		CEDE98212983D75200B59B05 /* Assets.xcassets */ = {isa = PBXFileReference; lastKnownFileType = folder.assetcatalog; path = Assets.xcassets; sourceTree = "<group>"; };
		CEDE98242983D75200B59B05 /* Preview Assets.xcassets */ = {isa = PBXFileReference; lastKnownFileType = folder.assetcatalog; path = "Preview Assets.xcassets"; sourceTree = "<group>"; };
		CEDE982D2983D82C00B59B05 /* BusMapViewRepresentable.swift */ = {isa = PBXFileReference; lastKnownFileType = sourcecode.swift; path = BusMapViewRepresentable.swift; sourceTree = "<group>"; };
		CEDE982F2983D86900B59B05 /* HomeView.swift */ = {isa = PBXFileReference; lastKnownFileType = sourcecode.swift; path = HomeView.swift; sourceTree = "<group>"; };
		CEDE98312983D8BC00B59B05 /* MapActionButton.swift */ = {isa = PBXFileReference; lastKnownFileType = sourcecode.swift; path = MapActionButton.swift; sourceTree = "<group>"; };
		CEDE98342983D94F00B59B05 /* LocationManager.swift */ = {isa = PBXFileReference; lastKnownFileType = sourcecode.swift; path = LocationManager.swift; sourceTree = "<group>"; };
		CEDE98392983DA0A00B59B05 /* BusSearchResults.swift */ = {isa = PBXFileReference; lastKnownFileType = sourcecode.swift; path = BusSearchResults.swift; sourceTree = "<group>"; };
		CEDE983B2983DA3400B59B05 /* BusPopUp.swift */ = {isa = PBXFileReference; lastKnownFileType = sourcecode.swift; path = BusPopUp.swift; sourceTree = "<group>"; };
		CEDE983D2983DA4F00B59B05 /* LocationActivationView.swift */ = {isa = PBXFileReference; lastKnownFileType = sourcecode.swift; path = LocationActivationView.swift; sourceTree = "<group>"; };
		CEDE983F2983DA6E00B59B05 /* LocationSearchView.swift */ = {isa = PBXFileReference; lastKnownFileType = sourcecode.swift; path = LocationSearchView.swift; sourceTree = "<group>"; };
		CEDE98412983DAAA00B59B05 /* ScheduleModel.swift */ = {isa = PBXFileReference; lastKnownFileType = sourcecode.swift; path = ScheduleModel.swift; sourceTree = "<group>"; };
		CEDE98432983DABF00B59B05 /* BusTimeModel.swift */ = {isa = PBXFileReference; lastKnownFileType = sourcecode.swift; path = BusTimeModel.swift; sourceTree = "<group>"; };
		CEDE98452983DADF00B59B05 /* BusStopModel.swift */ = {isa = PBXFileReference; lastKnownFileType = sourcecode.swift; path = BusStopModel.swift; sourceTree = "<group>"; };
		CEDE98472983DD8D00B59B05 /* Bus-Stop-Finder-Info.plist */ = {isa = PBXFileReference; lastKnownFileType = text.plist; path = "Bus-Stop-Finder-Info.plist"; sourceTree = SOURCE_ROOT; };
/* End PBXFileReference section */

/* Begin PBXFrameworksBuildPhase section */
		CEDE98172983D75100B59B05 /* Frameworks */ = {
			isa = PBXFrameworksBuildPhase;
			buildActionMask = 2147483647;
			files = (
			);
			runOnlyForDeploymentPostprocessing = 0;
		};
/* End PBXFrameworksBuildPhase section */

/* Begin PBXGroup section */
		CEDE98112983D75100B59B05 = {
			isa = PBXGroup;
			children = (
				CEDE981C2983D75100B59B05 /* Bus Stop Finder */,
				CEDE981B2983D75100B59B05 /* Products */,
			);
			sourceTree = "<group>";
		};
		CEDE981B2983D75100B59B05 /* Products */ = {
			isa = PBXGroup;
			children = (
				CEDE981A2983D75100B59B05 /* Bus Stop Finder.app */,
			);
			name = Products;
			sourceTree = "<group>";
		};
		CEDE981C2983D75100B59B05 /* Bus Stop Finder */ = {
			isa = PBXGroup;
			children = (
				CEDE98472983DD8D00B59B05 /* Bus-Stop-Finder-Info.plist */,
				CEDE98332983D93900B59B05 /* Manager */,
				CEDE982B2983D7C800B59B05 /* Core */,
				CEDE981D2983D75100B59B05 /* Bus_Stop_FinderApp.swift */,
				CEDE981F2983D75100B59B05 /* ContentView.swift */,
				CEDE98212983D75200B59B05 /* Assets.xcassets */,
				CEDE98232983D75200B59B05 /* Preview Content */,
			);
			path = "Bus Stop Finder";
			sourceTree = "<group>";
		};
		CEDE98232983D75200B59B05 /* Preview Content */ = {
			isa = PBXGroup;
			children = (
				CEDE98242983D75200B59B05 /* Preview Assets.xcassets */,
			);
			path = "Preview Content";
			sourceTree = "<group>";
		};
		CEDE982B2983D7C800B59B05 /* Core */ = {
			isa = PBXGroup;
			children = (
				CEDE98362983D9C900B59B05 /* LocationSearch */,
				CEDE982C2983D7E700B59B05 /* Home */,
			);
			path = Core;
			sourceTree = "<group>";
		};
		CEDE982C2983D7E700B59B05 /* Home */ = {
			isa = PBXGroup;
			children = (
				CEDE982D2983D82C00B59B05 /* BusMapViewRepresentable.swift */,
				CEDE982F2983D86900B59B05 /* HomeView.swift */,
				CEDE98312983D8BC00B59B05 /* MapActionButton.swift */,
			);
			path = Home;
			sourceTree = "<group>";
		};
		CEDE98332983D93900B59B05 /* Manager */ = {
			isa = PBXGroup;
			children = (
				CEDE98342983D94F00B59B05 /* LocationManager.swift */,
			);
			path = Manager;
			sourceTree = "<group>";
		};
		CEDE98362983D9C900B59B05 /* LocationSearch */ = {
			isa = PBXGroup;
			children = (
				CEDE98382983D9E700B59B05 /* ViewModels */,
				CEDE98372983D9D800B59B05 /* View */,
			);
			path = LocationSearch;
			sourceTree = "<group>";
		};
		CEDE98372983D9D800B59B05 /* View */ = {
			isa = PBXGroup;
			children = (
				CEDE98392983DA0A00B59B05 /* BusSearchResults.swift */,
				CEDE983B2983DA3400B59B05 /* BusPopUp.swift */,
				CEDE983D2983DA4F00B59B05 /* LocationActivationView.swift */,
				CEDE983F2983DA6E00B59B05 /* LocationSearchView.swift */,
			);
			path = View;
			sourceTree = "<group>";
		};
		CEDE98382983D9E700B59B05 /* ViewModels */ = {
			isa = PBXGroup;
			children = (
				CEDE98412983DAAA00B59B05 /* ScheduleModel.swift */,
				CEDE98432983DABF00B59B05 /* BusTimeModel.swift */,
				CEDE98452983DADF00B59B05 /* BusStopModel.swift */,
			);
			path = ViewModels;
			sourceTree = "<group>";
		};
/* End PBXGroup section */

/* Begin PBXNativeTarget section */
		CEDE98192983D75100B59B05 /* Bus Stop Finder */ = {
			isa = PBXNativeTarget;
			buildConfigurationList = CEDE98282983D75200B59B05 /* Build configuration list for PBXNativeTarget "Bus Stop Finder" */;
			buildPhases = (
				CEDE98162983D75100B59B05 /* Sources */,
				CEDE98172983D75100B59B05 /* Frameworks */,
				CEDE98182983D75100B59B05 /* Resources */,
			);
			buildRules = (
			);
			dependencies = (
			);
			name = "Bus Stop Finder";
			productName = "Bus Stop Finder";
			productReference = CEDE981A2983D75100B59B05 /* Bus Stop Finder.app */;
			productType = "com.apple.product-type.application";
		};
/* End PBXNativeTarget section */

/* Begin PBXProject section */
		CEDE98122983D75100B59B05 /* Project object */ = {
			isa = PBXProject;
			attributes = {
				BuildIndependentTargetsInParallel = 1;
				LastSwiftUpdateCheck = 1420;
				LastUpgradeCheck = 1420;
				TargetAttributes = {
					CEDE98192983D75100B59B05 = {
						CreatedOnToolsVersion = 14.2;
					};
				};
			};
			buildConfigurationList = CEDE98152983D75100B59B05 /* Build configuration list for PBXProject "Bus Stop Finder" */;
			compatibilityVersion = "Xcode 14.0";
			developmentRegion = en;
			hasScannedForEncodings = 0;
			knownRegions = (
				en,
				Base,
			);
			mainGroup = CEDE98112983D75100B59B05;
			productRefGroup = CEDE981B2983D75100B59B05 /* Products */;
			projectDirPath = "";
			projectRoot = "";
			targets = (
				CEDE98192983D75100B59B05 /* Bus Stop Finder */,
			);
		};
/* End PBXProject section */

/* Begin PBXResourcesBuildPhase section */
		CEDE98182983D75100B59B05 /* Resources */ = {
			isa = PBXResourcesBuildPhase;
			buildActionMask = 2147483647;
			files = (
				CEDE98252983D75200B59B05 /* Preview Assets.xcassets in Resources */,
				CEDE98222983D75200B59B05 /* Assets.xcassets in Resources */,
			);
			runOnlyForDeploymentPostprocessing = 0;
		};
/* End PBXResourcesBuildPhase section */

/* Begin PBXSourcesBuildPhase section */
		CEDE98162983D75100B59B05 /* Sources */ = {
			isa = PBXSourcesBuildPhase;
			buildActionMask = 2147483647;
			files = (
				CEDE982E2983D82C00B59B05 /* BusMapViewRepresentable.swift in Sources */,
				CEDE98302983D86900B59B05 /* HomeView.swift in Sources */,
				CEDE98352983D94F00B59B05 /* LocationManager.swift in Sources */,
				CEDE98442983DABF00B59B05 /* BusTimeModel.swift in Sources */,
				CEDE983A2983DA0A00B59B05 /* BusSearchResults.swift in Sources */,
				CEDE98202983D75100B59B05 /* ContentView.swift in Sources */,
				CEDE98462983DADF00B59B05 /* BusStopModel.swift in Sources */,
				CEDE98402983DA6E00B59B05 /* LocationSearchView.swift in Sources */,
				CEDE983E2983DA4F00B59B05 /* LocationActivationView.swift in Sources */,
				CEDE981E2983D75100B59B05 /* Bus_Stop_FinderApp.swift in Sources */,
				CEDE98322983D8BC00B59B05 /* MapActionButton.swift in Sources */,
				CEDE983C2983DA3400B59B05 /* BusPopUp.swift in Sources */,
				CEDE98422983DAAA00B59B05 /* ScheduleModel.swift in Sources */,
			);
			runOnlyForDeploymentPostprocessing = 0;
		};
/* End PBXSourcesBuildPhase section */

/* Begin XCBuildConfiguration section */
		CEDE98262983D75200B59B05 /* Debug */ = {
			isa = XCBuildConfiguration;
			buildSettings = {
				ALWAYS_SEARCH_USER_PATHS = NO;
				CLANG_ANALYZER_NONNULL = YES;
				CLANG_ANALYZER_NUMBER_OBJECT_CONVERSION = YES_AGGRESSIVE;
				CLANG_CXX_LANGUAGE_STANDARD = "gnu++20";
				CLANG_ENABLE_MODULES = YES;
				CLANG_ENABLE_OBJC_ARC = YES;
				CLANG_ENABLE_OBJC_WEAK = YES;
				CLANG_WARN_BLOCK_CAPTURE_AUTORELEASING = YES;
				CLANG_WARN_BOOL_CONVERSION = YES;
				CLANG_WARN_COMMA = YES;
				CLANG_WARN_CONSTANT_CONVERSION = YES;
				CLANG_WARN_DEPRECATED_OBJC_IMPLEMENTATIONS = YES;
				CLANG_WARN_DIRECT_OBJC_ISA_USAGE = YES_ERROR;
				CLANG_WARN_DOCUMENTATION_COMMENTS = YES;
				CLANG_WARN_EMPTY_BODY = YES;
				CLANG_WARN_ENUM_CONVERSION = YES;
				CLANG_WARN_INFINITE_RECURSION = YES;
				CLANG_WARN_INT_CONVERSION = YES;
				CLANG_WARN_NON_LITERAL_NULL_CONVERSION = YES;
				CLANG_WARN_OBJC_IMPLICIT_RETAIN_SELF = YES;
				CLANG_WARN_OBJC_LITERAL_CONVERSION = YES;
				CLANG_WARN_OBJC_ROOT_CLASS = YES_ERROR;
				CLANG_WARN_QUOTED_INCLUDE_IN_FRAMEWORK_HEADER = YES;
				CLANG_WARN_RANGE_LOOP_ANALYSIS = YES;
				CLANG_WARN_STRICT_PROTOTYPES = YES;
				CLANG_WARN_SUSPICIOUS_MOVE = YES;
				CLANG_WARN_UNGUARDED_AVAILABILITY = YES_AGGRESSIVE;
				CLANG_WARN_UNREACHABLE_CODE = YES;
				CLANG_WARN__DUPLICATE_METHOD_MATCH = YES;
				COPY_PHASE_STRIP = NO;
				DEBUG_INFORMATION_FORMAT = dwarf;
				ENABLE_STRICT_OBJC_MSGSEND = YES;
				ENABLE_TESTABILITY = YES;
				GCC_C_LANGUAGE_STANDARD = gnu11;
				GCC_DYNAMIC_NO_PIC = NO;
				GCC_NO_COMMON_BLOCKS = YES;
				GCC_OPTIMIZATION_LEVEL = 0;
				GCC_PREPROCESSOR_DEFINITIONS = (
					"DEBUG=1",
					"$(inherited)",
				);
				GCC_WARN_64_TO_32_BIT_CONVERSION = YES;
				GCC_WARN_ABOUT_RETURN_TYPE = YES_ERROR;
				GCC_WARN_UNDECLARED_SELECTOR = YES;
				GCC_WARN_UNINITIALIZED_AUTOS = YES_AGGRESSIVE;
				GCC_WARN_UNUSED_FUNCTION = YES;
				GCC_WARN_UNUSED_VARIABLE = YES;
				IPHONEOS_DEPLOYMENT_TARGET = 16.2;
				MTL_ENABLE_DEBUG_INFO = INCLUDE_SOURCE;
				MTL_FAST_MATH = YES;
				ONLY_ACTIVE_ARCH = YES;
				SDKROOT = iphoneos;
				SWIFT_ACTIVE_COMPILATION_CONDITIONS = DEBUG;
				SWIFT_OPTIMIZATION_LEVEL = "-Onone";
			};
			name = Debug;
		};
		CEDE98272983D75200B59B05 /* Release */ = {
			isa = XCBuildConfiguration;
			buildSettings = {
				ALWAYS_SEARCH_USER_PATHS = NO;
				CLANG_ANALYZER_NONNULL = YES;
				CLANG_ANALYZER_NUMBER_OBJECT_CONVERSION = YES_AGGRESSIVE;
				CLANG_CXX_LANGUAGE_STANDARD = "gnu++20";
				CLANG_ENABLE_MODULES = YES;
				CLANG_ENABLE_OBJC_ARC = YES;
				CLANG_ENABLE_OBJC_WEAK = YES;
				CLANG_WARN_BLOCK_CAPTURE_AUTORELEASING = YES;
				CLANG_WARN_BOOL_CONVERSION = YES;
				CLANG_WARN_COMMA = YES;
				CLANG_WARN_CONSTANT_CONVERSION = YES;
				CLANG_WARN_DEPRECATED_OBJC_IMPLEMENTATIONS = YES;
				CLANG_WARN_DIRECT_OBJC_ISA_USAGE = YES_ERROR;
				CLANG_WARN_DOCUMENTATION_COMMENTS = YES;
				CLANG_WARN_EMPTY_BODY = YES;
				CLANG_WARN_ENUM_CONVERSION = YES;
				CLANG_WARN_INFINITE_RECURSION = YES;
				CLANG_WARN_INT_CONVERSION = YES;
				CLANG_WARN_NON_LITERAL_NULL_CONVERSION = YES;
				CLANG_WARN_OBJC_IMPLICIT_RETAIN_SELF = YES;
				CLANG_WARN_OBJC_LITERAL_CONVERSION = YES;
				CLANG_WARN_OBJC_ROOT_CLASS = YES_ERROR;
				CLANG_WARN_QUOTED_INCLUDE_IN_FRAMEWORK_HEADER = YES;
				CLANG_WARN_RANGE_LOOP_ANALYSIS = YES;
				CLANG_WARN_STRICT_PROTOTYPES = YES;
				CLANG_WARN_SUSPICIOUS_MOVE = YES;
				CLANG_WARN_UNGUARDED_AVAILABILITY = YES_AGGRESSIVE;
				CLANG_WARN_UNREACHABLE_CODE = YES;
				CLANG_WARN__DUPLICATE_METHOD_MATCH = YES;
				COPY_PHASE_STRIP = NO;
				DEBUG_INFORMATION_FORMAT = "dwarf-with-dsym";
				ENABLE_NS_ASSERTIONS = NO;
				ENABLE_STRICT_OBJC_MSGSEND = YES;
				GCC_C_LANGUAGE_STANDARD = gnu11;
				GCC_NO_COMMON_BLOCKS = YES;
				GCC_WARN_64_TO_32_BIT_CONVERSION = YES;
				GCC_WARN_ABOUT_RETURN_TYPE = YES_ERROR;
				GCC_WARN_UNDECLARED_SELECTOR = YES;
				GCC_WARN_UNINITIALIZED_AUTOS = YES_AGGRESSIVE;
				GCC_WARN_UNUSED_FUNCTION = YES;
				GCC_WARN_UNUSED_VARIABLE = YES;
				IPHONEOS_DEPLOYMENT_TARGET = 16.2;
				MTL_ENABLE_DEBUG_INFO = NO;
				MTL_FAST_MATH = YES;
				SDKROOT = iphoneos;
				SWIFT_COMPILATION_MODE = wholemodule;
				SWIFT_OPTIMIZATION_LEVEL = "-O";
				VALIDATE_PRODUCT = YES;
			};
			name = Release;
		};
		CEDE98292983D75200B59B05 /* Debug */ = {
			isa = XCBuildConfiguration;
			buildSettings = {
				ASSETCATALOG_COMPILER_APPICON_NAME = AppIcon;
				ASSETCATALOG_COMPILER_GLOBAL_ACCENT_COLOR_NAME = AccentColor;
				ASSETCATALOG_COMPILER_INCLUDE_ALL_APPICON_ASSETS = NO;
				CODE_SIGN_STYLE = Automatic;
				CURRENT_PROJECT_VERSION = 1;
				DEVELOPMENT_ASSET_PATHS = "\"Bus Stop Finder/Preview Content\"";
				DEVELOPMENT_TEAM = KNGCP4F926;
				ENABLE_PREVIEWS = YES;
				GENERATE_INFOPLIST_FILE = YES;
				INFOPLIST_FILE = "Bus-Stop-Finder-Info.plist";
				INFOPLIST_KEY_LSApplicationCategoryType = "public.app-category.utilities";
				INFOPLIST_KEY_NSLocationWhenInUseUsageDescription = "Please allow BusStopFinder  to find bus stops within 1000 meters of you.";
				INFOPLIST_KEY_UIApplicationSupportsIndirectInputEvents = YES;
				INFOPLIST_KEY_UILaunchScreen_Generation = YES;
				INFOPLIST_KEY_UISupportedInterfaceOrientations_iPad = "UIInterfaceOrientationPortrait UIInterfaceOrientationPortraitUpsideDown UIInterfaceOrientationLandscapeLeft UIInterfaceOrientationLandscapeRight";
				INFOPLIST_KEY_UISupportedInterfaceOrientations_iPhone = "UIInterfaceOrientationPortrait UIInterfaceOrientationLandscapeLeft UIInterfaceOrientationLandscapeRight";
				LD_RUNPATH_SEARCH_PATHS = (
					"$(inherited)",
					"@executable_path/Frameworks",
				);
				MARKETING_VERSION = 1.0;
				PRODUCT_BUNDLE_IDENTIFIER = "Bus-Stop-Finder";
				PRODUCT_NAME = "$(TARGET_NAME)";
				SWIFT_EMIT_LOC_STRINGS = YES;
				SWIFT_VERSION = 5.0;
				TARGETED_DEVICE_FAMILY = "1,2";
			};
			name = Debug;
		};
		CEDE982A2983D75200B59B05 /* Release */ = {
			isa = XCBuildConfiguration;
			buildSettings = {
				ASSETCATALOG_COMPILER_APPICON_NAME = AppIcon;
				ASSETCATALOG_COMPILER_GLOBAL_ACCENT_COLOR_NAME = AccentColor;
				ASSETCATALOG_COMPILER_INCLUDE_ALL_APPICON_ASSETS = NO;
				CODE_SIGN_STYLE = Automatic;
				CURRENT_PROJECT_VERSION = 1;
				DEVELOPMENT_ASSET_PATHS = "\"Bus Stop Finder/Preview Content\"";
				DEVELOPMENT_TEAM = KNGCP4F926;
				ENABLE_PREVIEWS = YES;
				GENERATE_INFOPLIST_FILE = YES;
				INFOPLIST_FILE = "Bus-Stop-Finder-Info.plist";
				INFOPLIST_KEY_LSApplicationCategoryType = "public.app-category.utilities";
				INFOPLIST_KEY_NSLocationWhenInUseUsageDescription = "Please allow BusStopFinder  to find bus stops within 1000 meters of you.";
				INFOPLIST_KEY_UIApplicationSupportsIndirectInputEvents = YES;
				INFOPLIST_KEY_UILaunchScreen_Generation = YES;
				INFOPLIST_KEY_UISupportedInterfaceOrientations_iPad = "UIInterfaceOrientationPortrait UIInterfaceOrientationPortraitUpsideDown UIInterfaceOrientationLandscapeLeft UIInterfaceOrientationLandscapeRight";
				INFOPLIST_KEY_UISupportedInterfaceOrientations_iPhone = "UIInterfaceOrientationPortrait UIInterfaceOrientationLandscapeLeft UIInterfaceOrientationLandscapeRight";
				LD_RUNPATH_SEARCH_PATHS = (
					"$(inherited)",
					"@executable_path/Frameworks",
				);
				MARKETING_VERSION = 1.0;
				PRODUCT_BUNDLE_IDENTIFIER = "Bus-Stop-Finder";
				PRODUCT_NAME = "$(TARGET_NAME)";
				SWIFT_EMIT_LOC_STRINGS = YES;
				SWIFT_VERSION = 5.0;
				TARGETED_DEVICE_FAMILY = "1,2";
			};
			name = Release;
		};
/* End XCBuildConfiguration section */

/* Begin XCConfigurationList section */
		CEDE98152983D75100B59B05 /* Build configuration list for PBXProject "Bus Stop Finder" */ = {
			isa = XCConfigurationList;
			buildConfigurations = (
				CEDE98262983D75200B59B05 /* Debug */,
				CEDE98272983D75200B59B05 /* Release */,
			);
			defaultConfigurationIsVisible = 0;
			defaultConfigurationName = Release;
		};
		CEDE98282983D75200B59B05 /* Build configuration list for PBXNativeTarget "Bus Stop Finder" */ = {
			isa = XCConfigurationList;
			buildConfigurations = (
				CEDE98292983D75200B59B05 /* Debug */,
				CEDE982A2983D75200B59B05 /* Release */,
			);
			defaultConfigurationIsVisible = 0;
			defaultConfigurationName = Release;
		};
/* End XCConfigurationList section */
	};
	rootObject = CEDE98122983D75100B59B05 /* Project object */;
}
